// !$*UTF8*$!
{
	archiveVersion = 1;
	classes = {
	};
	objectVersion = 50;
	objects = {

/* Begin PBXBuildFile section */
		F855B9BC24008CE600B03445 /* LineItemController.swift in Sources */ = {isa = PBXBuildFile; fileRef = F855B9BB24008CE600B03445 /* LineItemController.swift */; };
		F855B9BF24008D0800B03445 /* LineItem.swift in Sources */ = {isa = PBXBuildFile; fileRef = F855B9BE24008D0800B03445 /* LineItem.swift */; };
		F855B9C124008D2F00B03445 /* BudgetTarget.swift in Sources */ = {isa = PBXBuildFile; fileRef = F855B9C024008D2F00B03445 /* BudgetTarget.swift */; };
		F855B9C424008D7400B03445 /* LineItemTableViewController.swift in Sources */ = {isa = PBXBuildFile; fileRef = F855B9C324008D7400B03445 /* LineItemTableViewController.swift */; };
		F855B9C62400999E00B03445 /* AddNewLineItemViewController.swift in Sources */ = {isa = PBXBuildFile; fileRef = F855B9C52400999E00B03445 /* AddNewLineItemViewController.swift */; };
		F855B9C824009C1B00B03445 /* CategoryHelper.swift in Sources */ = {isa = PBXBuildFile; fileRef = F855B9C724009C1B00B03445 /* CategoryHelper.swift */; };
		F855B9CA2400A1A700B03445 /* DateController.swift in Sources */ = {isa = PBXBuildFile; fileRef = F855B9C92400A1A700B03445 /* DateController.swift */; };
		F855B9CC240DBD9200B03445 /* CategoryColumn.swift in Sources */ = {isa = PBXBuildFile; fileRef = F855B9CB240DBD9200B03445 /* CategoryColumn.swift */; };
		F855B9CE240DBF6300B03445 /* CategoryColumnController.swift in Sources */ = {isa = PBXBuildFile; fileRef = F855B9CD240DBF6300B03445 /* CategoryColumnController.swift */; };
		F855B9D0240ECBEF00B03445 /* BudgetController.swift in Sources */ = {isa = PBXBuildFile; fileRef = F855B9CF240ECBEF00B03445 /* BudgetController.swift */; };
		F855B9D2240F04CF00B03445 /* BudgetTargetTableViewController.swift in Sources */ = {isa = PBXBuildFile; fileRef = F855B9D1240F04CF00B03445 /* BudgetTargetTableViewController.swift */; };
		F855B9D4240F0C3500B03445 /* AddEditBudgetTargetViewController.swift in Sources */ = {isa = PBXBuildFile; fileRef = F855B9D3240F0C3500B03445 /* AddEditBudgetTargetViewController.swift */; };
		F8A0AC2C23FF608500EBFA41 /* AppDelegate.swift in Sources */ = {isa = PBXBuildFile; fileRef = F8A0AC2B23FF608500EBFA41 /* AppDelegate.swift */; };
		F8A0AC2E23FF608500EBFA41 /* SceneDelegate.swift in Sources */ = {isa = PBXBuildFile; fileRef = F8A0AC2D23FF608500EBFA41 /* SceneDelegate.swift */; };
		F8A0AC3323FF608500EBFA41 /* Main.storyboard in Resources */ = {isa = PBXBuildFile; fileRef = F8A0AC3123FF608500EBFA41 /* Main.storyboard */; };
		F8A0AC3523FF608600EBFA41 /* Assets.xcassets in Resources */ = {isa = PBXBuildFile; fileRef = F8A0AC3423FF608600EBFA41 /* Assets.xcassets */; };
		F8A0AC3823FF608600EBFA41 /* LaunchScreen.storyboard in Resources */ = {isa = PBXBuildFile; fileRef = F8A0AC3623FF608600EBFA41 /* LaunchScreen.storyboard */; };
/* End PBXBuildFile section */

/* Begin PBXFileReference section */
		F855B9BB24008CE600B03445 /* LineItemController.swift */ = {isa = PBXFileReference; lastKnownFileType = sourcecode.swift; path = LineItemController.swift; sourceTree = "<group>"; };
		F855B9BE24008D0800B03445 /* LineItem.swift */ = {isa = PBXFileReference; lastKnownFileType = sourcecode.swift; path = LineItem.swift; sourceTree = "<group>"; };
		F855B9C024008D2F00B03445 /* BudgetTarget.swift */ = {isa = PBXFileReference; lastKnownFileType = sourcecode.swift; path = BudgetTarget.swift; sourceTree = "<group>"; };
		F855B9C324008D7400B03445 /* LineItemTableViewController.swift */ = {isa = PBXFileReference; lastKnownFileType = sourcecode.swift; path = LineItemTableViewController.swift; sourceTree = "<group>"; };
		F855B9C52400999E00B03445 /* AddNewLineItemViewController.swift */ = {isa = PBXFileReference; lastKnownFileType = sourcecode.swift; path = AddNewLineItemViewController.swift; sourceTree = "<group>"; };
		F855B9C724009C1B00B03445 /* CategoryHelper.swift */ = {isa = PBXFileReference; lastKnownFileType = sourcecode.swift; path = CategoryHelper.swift; sourceTree = "<group>"; };
		F855B9C92400A1A700B03445 /* DateController.swift */ = {isa = PBXFileReference; lastKnownFileType = sourcecode.swift; path = DateController.swift; sourceTree = "<group>"; };
		F855B9CB240DBD9200B03445 /* CategoryColumn.swift */ = {isa = PBXFileReference; lastKnownFileType = sourcecode.swift; path = CategoryColumn.swift; sourceTree = "<group>"; };
		F855B9CD240DBF6300B03445 /* CategoryColumnController.swift */ = {isa = PBXFileReference; lastKnownFileType = sourcecode.swift; path = CategoryColumnController.swift; sourceTree = "<group>"; };
		F855B9CF240ECBEF00B03445 /* BudgetController.swift */ = {isa = PBXFileReference; lastKnownFileType = sourcecode.swift; path = BudgetController.swift; sourceTree = "<group>"; };
		F855B9D1240F04CF00B03445 /* BudgetTargetTableViewController.swift */ = {isa = PBXFileReference; lastKnownFileType = sourcecode.swift; path = BudgetTargetTableViewController.swift; sourceTree = "<group>"; };
		F855B9D3240F0C3500B03445 /* AddEditBudgetTargetViewController.swift */ = {isa = PBXFileReference; lastKnownFileType = sourcecode.swift; path = AddEditBudgetTargetViewController.swift; sourceTree = "<group>"; };
		F8A0AC2823FF608500EBFA41 /* DailyBudget.app */ = {isa = PBXFileReference; explicitFileType = wrapper.application; includeInIndex = 0; path = DailyBudget.app; sourceTree = BUILT_PRODUCTS_DIR; };
		F8A0AC2B23FF608500EBFA41 /* AppDelegate.swift */ = {isa = PBXFileReference; lastKnownFileType = sourcecode.swift; path = AppDelegate.swift; sourceTree = "<group>"; };
		F8A0AC2D23FF608500EBFA41 /* SceneDelegate.swift */ = {isa = PBXFileReference; lastKnownFileType = sourcecode.swift; path = SceneDelegate.swift; sourceTree = "<group>"; };
		F8A0AC3223FF608500EBFA41 /* Base */ = {isa = PBXFileReference; lastKnownFileType = file.storyboard; name = Base; path = Base.lproj/Main.storyboard; sourceTree = "<group>"; };
		F8A0AC3423FF608600EBFA41 /* Assets.xcassets */ = {isa = PBXFileReference; lastKnownFileType = folder.assetcatalog; path = Assets.xcassets; sourceTree = "<group>"; };
		F8A0AC3723FF608600EBFA41 /* Base */ = {isa = PBXFileReference; lastKnownFileType = file.storyboard; name = Base; path = Base.lproj/LaunchScreen.storyboard; sourceTree = "<group>"; };
		F8A0AC3923FF608600EBFA41 /* Info.plist */ = {isa = PBXFileReference; lastKnownFileType = text.plist.xml; path = Info.plist; sourceTree = "<group>"; };
/* End PBXFileReference section */

/* Begin PBXFrameworksBuildPhase section */
		F8A0AC2523FF608500EBFA41 /* Frameworks */ = {
			isa = PBXFrameworksBuildPhase;
			buildActionMask = 2147483647;
			files = (
			);
			runOnlyForDeploymentPostprocessing = 0;
		};
/* End PBXFrameworksBuildPhase section */

/* Begin PBXGroup section */
		F855B9BA24008CD100B03445 /* ModelControllers */ = {
			isa = PBXGroup;
			children = (
				F855B9BB24008CE600B03445 /* LineItemController.swift */,
				F855B9C724009C1B00B03445 /* CategoryHelper.swift */,
				F855B9C92400A1A700B03445 /* DateController.swift */,
				F855B9CD240DBF6300B03445 /* CategoryColumnController.swift */,
				F855B9CF240ECBEF00B03445 /* BudgetController.swift */,
			);
			path = ModelControllers;
			sourceTree = "<group>";
		};
		F855B9BD24008CF300B03445 /* Models */ = {
			isa = PBXGroup;
			children = (
				F855B9BE24008D0800B03445 /* LineItem.swift */,
				F855B9CB240DBD9200B03445 /* CategoryColumn.swift */,
				F855B9C024008D2F00B03445 /* BudgetTarget.swift */,
			);
			path = Models;
			sourceTree = "<group>";
		};
		F855B9C224008D5500B03445 /* ViewControllers */ = {
			isa = PBXGroup;
			children = (
				F855B9C324008D7400B03445 /* LineItemTableViewController.swift */,
				F855B9C52400999E00B03445 /* AddNewLineItemViewController.swift */,
				F855B9D1240F04CF00B03445 /* BudgetTargetTableViewController.swift */,
				F855B9D3240F0C3500B03445 /* AddEditBudgetTargetViewController.swift */,
			);
			path = ViewControllers;
			sourceTree = "<group>";
		};
		F8A0AC1F23FF608500EBFA41 = {
			isa = PBXGroup;
			children = (
				F8A0AC2A23FF608500EBFA41 /* DailyBudget */,
				F8A0AC2923FF608500EBFA41 /* Products */,
			);
			sourceTree = "<group>";
		};
		F8A0AC2923FF608500EBFA41 /* Products */ = {
			isa = PBXGroup;
			children = (
				F8A0AC2823FF608500EBFA41 /* DailyBudget.app */,
			);
			name = Products;
			sourceTree = "<group>";
		};
		F8A0AC2A23FF608500EBFA41 /* DailyBudget */ = {
			isa = PBXGroup;
			children = (
				F8A0AC2B23FF608500EBFA41 /* AppDelegate.swift */,
				F8A0AC2D23FF608500EBFA41 /* SceneDelegate.swift */,
				F8A0AC3423FF608600EBFA41 /* Assets.xcassets */,
				F8A0AC3623FF608600EBFA41 /* LaunchScreen.storyboard */,
				F8A0AC3123FF608500EBFA41 /* Main.storyboard */,
				F8A0AC3923FF608600EBFA41 /* Info.plist */,
				F855B9BD24008CF300B03445 /* Models */,
				F855B9BA24008CD100B03445 /* ModelControllers */,
				F855B9C224008D5500B03445 /* ViewControllers */,
			);
			path = DailyBudget;
			sourceTree = "<group>";
		};
/* End PBXGroup section */

/* Begin PBXNativeTarget section */
		F8A0AC2723FF608500EBFA41 /* DailyBudget */ = {
			isa = PBXNativeTarget;
			buildConfigurationList = F8A0AC3C23FF608600EBFA41 /* Build configuration list for PBXNativeTarget "DailyBudget" */;
			buildPhases = (
				F8A0AC2423FF608500EBFA41 /* Sources */,
				F8A0AC2523FF608500EBFA41 /* Frameworks */,
				F8A0AC2623FF608500EBFA41 /* Resources */,
			);
			buildRules = (
			);
			dependencies = (
			);
			name = DailyBudget;
			productName = DailyBudget;
			productReference = F8A0AC2823FF608500EBFA41 /* DailyBudget.app */;
			productType = "com.apple.product-type.application";
		};
/* End PBXNativeTarget section */

/* Begin PBXProject section */
		F8A0AC2023FF608500EBFA41 /* Project object */ = {
			isa = PBXProject;
			attributes = {
				LastSwiftUpdateCheck = 1130;
				LastUpgradeCheck = 1130;
				ORGANIZATIONNAME = "Jonathan T. Miles";
				TargetAttributes = {
					F8A0AC2723FF608500EBFA41 = {
						CreatedOnToolsVersion = 11.3.1;
					};
				};
			};
			buildConfigurationList = F8A0AC2323FF608500EBFA41 /* Build configuration list for PBXProject "DailyBudget" */;
			compatibilityVersion = "Xcode 9.3";
			developmentRegion = en;
			hasScannedForEncodings = 0;
			knownRegions = (
				en,
				Base,
			);
			mainGroup = F8A0AC1F23FF608500EBFA41;
			productRefGroup = F8A0AC2923FF608500EBFA41 /* Products */;
			projectDirPath = "";
			projectRoot = "";
			targets = (
				F8A0AC2723FF608500EBFA41 /* DailyBudget */,
			);
		};
/* End PBXProject section */

/* Begin PBXResourcesBuildPhase section */
		F8A0AC2623FF608500EBFA41 /* Resources */ = {
			isa = PBXResourcesBuildPhase;
			buildActionMask = 2147483647;
			files = (
				F8A0AC3823FF608600EBFA41 /* LaunchScreen.storyboard in Resources */,
				F8A0AC3523FF608600EBFA41 /* Assets.xcassets in Resources */,
				F8A0AC3323FF608500EBFA41 /* Main.storyboard in Resources */,
			);
			runOnlyForDeploymentPostprocessing = 0;
		};
/* End PBXResourcesBuildPhase section */

/* Begin PBXSourcesBuildPhase section */
		F8A0AC2423FF608500EBFA41 /* Sources */ = {
			isa = PBXSourcesBuildPhase;
			buildActionMask = 2147483647;
			files = (
				F855B9D4240F0C3500B03445 /* AddEditBudgetTargetViewController.swift in Sources */,
				F855B9BF24008D0800B03445 /* LineItem.swift in Sources */,
				F8A0AC2C23FF608500EBFA41 /* AppDelegate.swift in Sources */,
				F855B9BC24008CE600B03445 /* LineItemController.swift in Sources */,
				F8A0AC2E23FF608500EBFA41 /* SceneDelegate.swift in Sources */,
				F855B9CE240DBF6300B03445 /* CategoryColumnController.swift in Sources */,
				F855B9CA2400A1A700B03445 /* DateController.swift in Sources */,
				F855B9C424008D7400B03445 /* LineItemTableViewController.swift in Sources */,
				F855B9D2240F04CF00B03445 /* BudgetTargetTableViewController.swift in Sources */,
				F855B9C824009C1B00B03445 /* CategoryHelper.swift in Sources */,
				F855B9D0240ECBEF00B03445 /* BudgetController.swift in Sources */,
				F855B9CC240DBD9200B03445 /* CategoryColumn.swift in Sources */,
				F855B9C124008D2F00B03445 /* BudgetTarget.swift in Sources */,
				F855B9C62400999E00B03445 /* AddNewLineItemViewController.swift in Sources */,
			);
			runOnlyForDeploymentPostprocessing = 0;
		};
/* End PBXSourcesBuildPhase section */

/* Begin PBXVariantGroup section */
		F8A0AC3123FF608500EBFA41 /* Main.storyboard */ = {
			isa = PBXVariantGroup;
			children = (
				F8A0AC3223FF608500EBFA41 /* Base */,
			);
			name = Main.storyboard;
			sourceTree = "<group>";
		};
		F8A0AC3623FF608600EBFA41 /* LaunchScreen.storyboard */ = {
			isa = PBXVariantGroup;
			children = (
				F8A0AC3723FF608600EBFA41 /* Base */,
			);
			name = LaunchScreen.storyboard;
			sourceTree = "<group>";
		};
/* End PBXVariantGroup section */

/* Begin XCBuildConfiguration section */
		F8A0AC3A23FF608600EBFA41 /* Debug */ = {
			isa = XCBuildConfiguration;
			buildSettings = {
				ALWAYS_SEARCH_USER_PATHS = NO;
				CLANG_ANALYZER_NONNULL = YES;
				CLANG_ANALYZER_NUMBER_OBJECT_CONVERSION = YES_AGGRESSIVE;
				CLANG_CXX_LANGUAGE_STANDARD = "gnu++14";
				CLANG_CXX_LIBRARY = "libc++";
				CLANG_ENABLE_MODULES = YES;
				CLANG_ENABLE_OBJC_ARC = YES;
				CLANG_ENABLE_OBJC_WEAK = YES;
				CLANG_WARN_BLOCK_CAPTURE_AUTORELEASING = YES;
				CLANG_WARN_BOOL_CONVERSION = YES;
				CLANG_WARN_COMMA = YES;
				CLANG_WARN_CONSTANT_CONVERSION = YES;
				CLANG_WARN_DEPRECATED_OBJC_IMPLEMENTATIONS = YES;
				CLANG_WARN_DIRECT_OBJC_ISA_USAGE = YES_ERROR;
				CLANG_WARN_DOCUMENTATION_COMMENTS = YES;
				CLANG_WARN_EMPTY_BODY = YES;
				CLANG_WARN_ENUM_CONVERSION = YES;
				CLANG_WARN_INFINITE_RECURSION = YES;
				CLANG_WARN_INT_CONVERSION = YES;
				CLANG_WARN_NON_LITERAL_NULL_CONVERSION = YES;
				CLANG_WARN_OBJC_IMPLICIT_RETAIN_SELF = YES;
				CLANG_WARN_OBJC_LITERAL_CONVERSION = YES;
				CLANG_WARN_OBJC_ROOT_CLASS = YES_ERROR;
				CLANG_WARN_RANGE_LOOP_ANALYSIS = YES;
				CLANG_WARN_STRICT_PROTOTYPES = YES;
				CLANG_WARN_SUSPICIOUS_MOVE = YES;
				CLANG_WARN_UNGUARDED_AVAILABILITY = YES_AGGRESSIVE;
				CLANG_WARN_UNREACHABLE_CODE = YES;
				CLANG_WARN__DUPLICATE_METHOD_MATCH = YES;
				COPY_PHASE_STRIP = NO;
				DEBUG_INFORMATION_FORMAT = dwarf;
				ENABLE_STRICT_OBJC_MSGSEND = YES;
				ENABLE_TESTABILITY = YES;
				GCC_C_LANGUAGE_STANDARD = gnu11;
				GCC_DYNAMIC_NO_PIC = NO;
				GCC_NO_COMMON_BLOCKS = YES;
				GCC_OPTIMIZATION_LEVEL = 0;
				GCC_PREPROCESSOR_DEFINITIONS = (
					"DEBUG=1",
					"$(inherited)",
				);
				GCC_WARN_64_TO_32_BIT_CONVERSION = YES;
				GCC_WARN_ABOUT_RETURN_TYPE = YES_ERROR;
				GCC_WARN_UNDECLARED_SELECTOR = YES;
				GCC_WARN_UNINITIALIZED_AUTOS = YES_AGGRESSIVE;
				GCC_WARN_UNUSED_FUNCTION = YES;
				GCC_WARN_UNUSED_VARIABLE = YES;
				IPHONEOS_DEPLOYMENT_TARGET = 13.2;
				MTL_ENABLE_DEBUG_INFO = INCLUDE_SOURCE;
				MTL_FAST_MATH = YES;
				ONLY_ACTIVE_ARCH = YES;
				SDKROOT = iphoneos;
				SWIFT_ACTIVE_COMPILATION_CONDITIONS = DEBUG;
				SWIFT_OPTIMIZATION_LEVEL = "-Onone";
			};
			name = Debug;
		};
		F8A0AC3B23FF608600EBFA41 /* Release */ = {
			isa = XCBuildConfiguration;
			buildSettings = {
				ALWAYS_SEARCH_USER_PATHS = NO;
				CLANG_ANALYZER_NONNULL = YES;
				CLANG_ANALYZER_NUMBER_OBJECT_CONVERSION = YES_AGGRESSIVE;
				CLANG_CXX_LANGUAGE_STANDARD = "gnu++14";
				CLANG_CXX_LIBRARY = "libc++";
				CLANG_ENABLE_MODULES = YES;
				CLANG_ENABLE_OBJC_ARC = YES;
				CLANG_ENABLE_OBJC_WEAK = YES;
				CLANG_WARN_BLOCK_CAPTURE_AUTORELEASING = YES;
				CLANG_WARN_BOOL_CONVERSION = YES;
				CLANG_WARN_COMMA = YES;
				CLANG_WARN_CONSTANT_CONVERSION = YES;
				CLANG_WARN_DEPRECATED_OBJC_IMPLEMENTATIONS = YES;
				CLANG_WARN_DIRECT_OBJC_ISA_USAGE = YES_ERROR;
				CLANG_WARN_DOCUMENTATION_COMMENTS = YES;
				CLANG_WARN_EMPTY_BODY = YES;
				CLANG_WARN_ENUM_CONVERSION = YES;
				CLANG_WARN_INFINITE_RECURSION = YES;
				CLANG_WARN_INT_CONVERSION = YES;
				CLANG_WARN_NON_LITERAL_NULL_CONVERSION = YES;
				CLANG_WARN_OBJC_IMPLICIT_RETAIN_SELF = YES;
				CLANG_WARN_OBJC_LITERAL_CONVERSION = YES;
				CLANG_WARN_OBJC_ROOT_CLASS = YES_ERROR;
				CLANG_WARN_RANGE_LOOP_ANALYSIS = YES;
				CLANG_WARN_STRICT_PROTOTYPES = YES;
				CLANG_WARN_SUSPICIOUS_MOVE = YES;
				CLANG_WARN_UNGUARDED_AVAILABILITY = YES_AGGRESSIVE;
				CLANG_WARN_UNREACHABLE_CODE = YES;
				CLANG_WARN__DUPLICATE_METHOD_MATCH = YES;
				COPY_PHASE_STRIP = NO;
				DEBUG_INFORMATION_FORMAT = "dwarf-with-dsym";
				ENABLE_NS_ASSERTIONS = NO;
				ENABLE_STRICT_OBJC_MSGSEND = YES;
				GCC_C_LANGUAGE_STANDARD = gnu11;
				GCC_NO_COMMON_BLOCKS = YES;
				GCC_WARN_64_TO_32_BIT_CONVERSION = YES;
				GCC_WARN_ABOUT_RETURN_TYPE = YES_ERROR;
				GCC_WARN_UNDECLARED_SELECTOR = YES;
				GCC_WARN_UNINITIALIZED_AUTOS = YES_AGGRESSIVE;
				GCC_WARN_UNUSED_FUNCTION = YES;
				GCC_WARN_UNUSED_VARIABLE = YES;
				IPHONEOS_DEPLOYMENT_TARGET = 13.2;
				MTL_ENABLE_DEBUG_INFO = NO;
				MTL_FAST_MATH = YES;
				SDKROOT = iphoneos;
				SWIFT_COMPILATION_MODE = wholemodule;
				SWIFT_OPTIMIZATION_LEVEL = "-O";
				VALIDATE_PRODUCT = YES;
			};
			name = Release;
		};
		F8A0AC3D23FF608600EBFA41 /* Debug */ = {
			isa = XCBuildConfiguration;
			buildSettings = {
				ASSETCATALOG_COMPILER_APPICON_NAME = AppIcon;
				CODE_SIGN_STYLE = Automatic;
				DEVELOPMENT_TEAM = 8J9VUCBX92;
				INFOPLIST_FILE = DailyBudget/Info.plist;
				LD_RUNPATH_SEARCH_PATHS = (
					"$(inherited)",
					"@executable_path/Frameworks",
				);
				PRODUCT_BUNDLE_IDENTIFIER = com.jonathantmiles.DailyBudget;
				PRODUCT_NAME = "$(TARGET_NAME)";
				SWIFT_VERSION = 5.0;
				TARGETED_DEVICE_FAMILY = "1,2";
			};
			name = Debug;
		};
		F8A0AC3E23FF608600EBFA41 /* Release */ = {
			isa = XCBuildConfiguration;
			buildSettings = {
				ASSETCATALOG_COMPILER_APPICON_NAME = AppIcon;
				CODE_SIGN_STYLE = Automatic;
				DEVELOPMENT_TEAM = 8J9VUCBX92;
				INFOPLIST_FILE = DailyBudget/Info.plist;
				LD_RUNPATH_SEARCH_PATHS = (
					"$(inherited)",
					"@executable_path/Frameworks",
				);
				PRODUCT_BUNDLE_IDENTIFIER = com.jonathantmiles.DailyBudget;
				PRODUCT_NAME = "$(TARGET_NAME)";
				SWIFT_VERSION = 5.0;
				TARGETED_DEVICE_FAMILY = "1,2";
			};
			name = Release;
		};
/* End XCBuildConfiguration section */

/* Begin XCConfigurationList section */
		F8A0AC2323FF608500EBFA41 /* Build configuration list for PBXProject "DailyBudget" */ = {
			isa = XCConfigurationList;
			buildConfigurations = (
				F8A0AC3A23FF608600EBFA41 /* Debug */,
				F8A0AC3B23FF608600EBFA41 /* Release */,
			);
			defaultConfigurationIsVisible = 0;
			defaultConfigurationName = Release;
		};
		F8A0AC3C23FF608600EBFA41 /* Build configuration list for PBXNativeTarget "DailyBudget" */ = {
			isa = XCConfigurationList;
			buildConfigurations = (
				F8A0AC3D23FF608600EBFA41 /* Debug */,
				F8A0AC3E23FF608600EBFA41 /* Release */,
			);
			defaultConfigurationIsVisible = 0;
			defaultConfigurationName = Release;
		};
/* End XCConfigurationList section */
	};
	rootObject = F8A0AC2023FF608500EBFA41 /* Project object */;
}
